// !$*UTF8*$!
{
	archiveVersion = 1;
	classes = {
	};
	objectVersion = 48;
	objects = {

/* Begin PBXBuildFile section */
		1A6337442036B1D300D21885 /* AppDelegate.swift in Sources */ = {isa = PBXBuildFile; fileRef = 1A6337432036B1D300D21885 /* AppDelegate.swift */; };
		1A6337462036B1D300D21885 /* HomeViewController.swift in Sources */ = {isa = PBXBuildFile; fileRef = 1A6337452036B1D300D21885 /* HomeViewController.swift */; };
		1A6337492036B1D300D21885 /* Main.storyboard in Resources */ = {isa = PBXBuildFile; fileRef = 1A6337472036B1D300D21885 /* Main.storyboard */; };
		1A63374E2036B1D300D21885 /* LaunchScreen.storyboard in Resources */ = {isa = PBXBuildFile; fileRef = 1A63374C2036B1D300D21885 /* LaunchScreen.storyboard */; };
		1A63375D2036B98F00D21885 /* NetworkManager.swift in Sources */ = {isa = PBXBuildFile; fileRef = 1A63375C2036B98F00D21885 /* NetworkManager.swift */; };
		1ABFCE422036CE230033821E /* DayView.swift in Sources */ = {isa = PBXBuildFile; fileRef = 1ABFCE412036CE230033821E /* DayView.swift */; };
		1ABFCE442036CEA10033821E /* WeatherCell.swift in Sources */ = {isa = PBXBuildFile; fileRef = 1ABFCE432036CEA10033821E /* WeatherCell.swift */; };
		1ABFCE472036DBFF0033821E /* WeatherApiServices.swift in Sources */ = {isa = PBXBuildFile; fileRef = 1ABFCE462036DBFF0033821E /* WeatherApiServices.swift */; };
		1ABFCE492036DC930033821E /* WeatherItem.swift in Sources */ = {isa = PBXBuildFile; fileRef = 1ABFCE482036DC930033821E /* WeatherItem.swift */; };
		1ABFCE4C2036E5510033821E /* UIViewController+Extension.swift in Sources */ = {isa = PBXBuildFile; fileRef = 1ABFCE4B2036E5510033821E /* UIViewController+Extension.swift */; };
		1ABFCE502036FA660033821E /* Enum.swift in Sources */ = {isa = PBXBuildFile; fileRef = 1ABFCE4F2036FA660033821E /* Enum.swift */; };
		1ABFCE522036FA990033821E /* UIImageView+Extension.swift in Sources */ = {isa = PBXBuildFile; fileRef = 1ABFCE512036FA990033821E /* UIImageView+Extension.swift */; };
		1ABFCE542036FADC0033821E /* Double+Extension.swift in Sources */ = {isa = PBXBuildFile; fileRef = 1ABFCE532036FADC0033821E /* Double+Extension.swift */; };
		1ABFCE5620370AD20033821E /* Assets.xcassets in Resources */ = {isa = PBXBuildFile; fileRef = 1ABFCE5520370AD10033821E /* Assets.xcassets */; };
/* End PBXBuildFile section */

/* Begin PBXFileReference section */
		1A6337402036B1D300D21885 /* WeatherAppMVVM.app */ = {isa = PBXFileReference; explicitFileType = wrapper.application; includeInIndex = 0; path = WeatherAppMVVM.app; sourceTree = BUILT_PRODUCTS_DIR; };
		1A6337432036B1D300D21885 /* AppDelegate.swift */ = {isa = PBXFileReference; lastKnownFileType = sourcecode.swift; path = AppDelegate.swift; sourceTree = "<group>"; };
		1A6337452036B1D300D21885 /* HomeViewController.swift */ = {isa = PBXFileReference; lastKnownFileType = sourcecode.swift; path = HomeViewController.swift; sourceTree = "<group>"; };
		1A6337482036B1D300D21885 /* Base */ = {isa = PBXFileReference; lastKnownFileType = file.storyboard; name = Base; path = Base.lproj/Main.storyboard; sourceTree = "<group>"; };
		1A63374D2036B1D300D21885 /* Base */ = {isa = PBXFileReference; lastKnownFileType = file.storyboard; name = Base; path = Base.lproj/LaunchScreen.storyboard; sourceTree = "<group>"; };
		1A63374F2036B1D300D21885 /* Info.plist */ = {isa = PBXFileReference; lastKnownFileType = text.plist.xml; path = Info.plist; sourceTree = "<group>"; };
		1A63375C2036B98F00D21885 /* NetworkManager.swift */ = {isa = PBXFileReference; lastKnownFileType = sourcecode.swift; path = NetworkManager.swift; sourceTree = "<group>"; };
		1ABFCE412036CE230033821E /* DayView.swift */ = {isa = PBXFileReference; lastKnownFileType = sourcecode.swift; path = DayView.swift; sourceTree = "<group>"; };
		1ABFCE432036CEA10033821E /* WeatherCell.swift */ = {isa = PBXFileReference; lastKnownFileType = sourcecode.swift; path = WeatherCell.swift; sourceTree = "<group>"; };
		1ABFCE462036DBFF0033821E /* WeatherApiServices.swift */ = {isa = PBXFileReference; lastKnownFileType = sourcecode.swift; path = WeatherApiServices.swift; sourceTree = "<group>"; };
		1ABFCE482036DC930033821E /* WeatherItem.swift */ = {isa = PBXFileReference; lastKnownFileType = sourcecode.swift; path = WeatherItem.swift; sourceTree = "<group>"; };
		1ABFCE4B2036E5510033821E /* UIViewController+Extension.swift */ = {isa = PBXFileReference; lastKnownFileType = sourcecode.swift; path = "UIViewController+Extension.swift"; sourceTree = "<group>"; };
		1ABFCE4F2036FA660033821E /* Enum.swift */ = {isa = PBXFileReference; lastKnownFileType = sourcecode.swift; path = Enum.swift; sourceTree = "<group>"; };
		1ABFCE512036FA990033821E /* UIImageView+Extension.swift */ = {isa = PBXFileReference; lastKnownFileType = sourcecode.swift; path = "UIImageView+Extension.swift"; sourceTree = "<group>"; };
		1ABFCE532036FADC0033821E /* Double+Extension.swift */ = {isa = PBXFileReference; lastKnownFileType = sourcecode.swift; path = "Double+Extension.swift"; sourceTree = "<group>"; };
		1ABFCE5520370AD10033821E /* Assets.xcassets */ = {isa = PBXFileReference; lastKnownFileType = folder.assetcatalog; path = Assets.xcassets; sourceTree = "<group>"; };
/* End PBXFileReference section */

/* Begin PBXFrameworksBuildPhase section */
		1A63373D2036B1D300D21885 /* Frameworks */ = {
			isa = PBXFrameworksBuildPhase;
			buildActionMask = 2147483647;
			files = (
			);
			runOnlyForDeploymentPostprocessing = 0;
		};
/* End PBXFrameworksBuildPhase section */

/* Begin PBXGroup section */
		1A6337372036B1D300D21885 = {
			isa = PBXGroup;
			children = (
				1A6337422036B1D300D21885 /* WeatherAppMVVM */,
				1A6337412036B1D300D21885 /* Products */,
			);
			sourceTree = "<group>";
		};
		1A6337412036B1D300D21885 /* Products */ = {
			isa = PBXGroup;
			children = (
				1A6337402036B1D300D21885 /* WeatherAppMVVM.app */,
			);
			name = Products;
			sourceTree = "<group>";
		};
		1A6337422036B1D300D21885 /* WeatherAppMVVM */ = {
			isa = PBXGroup;
			children = (
				1ABFCE5520370AD10033821E /* Assets.xcassets */,
				1ABFCE4D2036FA3F0033821E /* Store */,
				1ABFCE452036DBDB0033821E /* APIServices */,
				1A63375B2036B97200D21885 /* Network */,
				1A63375A2036B4D300D21885 /* Application */,
				1A6337582036B44E00D21885 /* Storyboard */,
				1A6337572036B43700D21885 /* Model */,
				1A6337562036B42F00D21885 /* View */,
				1A6337552036B41D00D21885 /* Controller */,
			);
			path = WeatherAppMVVM;
			sourceTree = "<group>";
		};
		1A6337552036B41D00D21885 /* Controller */ = {
			isa = PBXGroup;
			children = (
				1A6337452036B1D300D21885 /* HomeViewController.swift */,
			);
			path = Controller;
			sourceTree = "<group>";
		};
		1A6337562036B42F00D21885 /* View */ = {
			isa = PBXGroup;
			children = (
				1ABFCE412036CE230033821E /* DayView.swift */,
				1ABFCE432036CEA10033821E /* WeatherCell.swift */,
			);
			path = View;
			sourceTree = "<group>";
		};
		1A6337572036B43700D21885 /* Model */ = {
			isa = PBXGroup;
			children = (
				1ABFCE482036DC930033821E /* WeatherItem.swift */,
			);
			path = Model;
			sourceTree = "<group>";
		};
		1A6337582036B44E00D21885 /* Storyboard */ = {
			isa = PBXGroup;
			children = (
				1A6337472036B1D300D21885 /* Main.storyboard */,
				1A63374C2036B1D300D21885 /* LaunchScreen.storyboard */,
			);
			path = Storyboard;
			sourceTree = "<group>";
		};
		1A63375A2036B4D300D21885 /* Application */ = {
			isa = PBXGroup;
			children = (
				1A6337432036B1D300D21885 /* AppDelegate.swift */,
				1A63374F2036B1D300D21885 /* Info.plist */,
			);
			path = Application;
			sourceTree = "<group>";
		};
		1A63375B2036B97200D21885 /* Network */ = {
			isa = PBXGroup;
			children = (
				1A63375C2036B98F00D21885 /* NetworkManager.swift */,
			);
			path = Network;
			sourceTree = "<group>";
		};
		1ABFCE452036DBDB0033821E /* APIServices */ = {
			isa = PBXGroup;
			children = (
				1ABFCE462036DBFF0033821E /* WeatherApiServices.swift */,
			);
			path = APIServices;
			sourceTree = "<group>";
		};
		1ABFCE4A2036E53A0033821E /* Extensions */ = {
			isa = PBXGroup;
			children = (
				1ABFCE4B2036E5510033821E /* UIViewController+Extension.swift */,
				1ABFCE512036FA990033821E /* UIImageView+Extension.swift */,
				1ABFCE532036FADC0033821E /* Double+Extension.swift */,
			);
			path = Extensions;
			sourceTree = "<group>";
		};
		1ABFCE4D2036FA3F0033821E /* Store */ = {
			isa = PBXGroup;
			children = (
				1ABFCE4E2036FA540033821E /* Enum */,
				1ABFCE4A2036E53A0033821E /* Extensions */,
			);
			path = Store;
			sourceTree = "<group>";
		};
		1ABFCE4E2036FA540033821E /* Enum */ = {
			isa = PBXGroup;
			children = (
				1ABFCE4F2036FA660033821E /* Enum.swift */,
			);
			path = Enum;
			sourceTree = "<group>";
		};
/* End PBXGroup section */

/* Begin PBXNativeTarget section */
		1A63373F2036B1D300D21885 /* WeatherAppMVVM */ = {
			isa = PBXNativeTarget;
			buildConfigurationList = 1A6337522036B1D300D21885 /* Build configuration list for PBXNativeTarget "WeatherAppMVVM" */;
			buildPhases = (
				1A63373C2036B1D300D21885 /* Sources */,
				1A63373D2036B1D300D21885 /* Frameworks */,
				1A63373E2036B1D300D21885 /* Resources */,
			);
			buildRules = (
			);
			dependencies = (
			);
			name = WeatherAppMVVM;
			productName = WeatherAppMVC;
			productReference = 1A6337402036B1D300D21885 /* WeatherAppMVVM.app */;
			productType = "com.apple.product-type.application";
		};
/* End PBXNativeTarget section */

/* Begin PBXProject section */
		1A6337382036B1D300D21885 /* Project object */ = {
			isa = PBXProject;
			attributes = {
				LastSwiftUpdateCheck = 0920;
				LastUpgradeCheck = 0920;
				ORGANIZATIONNAME = ramchandra;
				TargetAttributes = {
					1A63373F2036B1D300D21885 = {
						CreatedOnToolsVersion = 9.2;
						ProvisioningStyle = Manual;
					};
				};
			};
			buildConfigurationList = 1A63373B2036B1D300D21885 /* Build configuration list for PBXProject "WeatherAppMVVM" */;
			compatibilityVersion = "Xcode 8.0";
			developmentRegion = en;
			hasScannedForEncodings = 0;
			knownRegions = (
				en,
				Base,
			);
			mainGroup = 1A6337372036B1D300D21885;
			productRefGroup = 1A6337412036B1D300D21885 /* Products */;
			projectDirPath = "";
			projectRoot = "";
			targets = (
				1A63373F2036B1D300D21885 /* WeatherAppMVVM */,
			);
		};
/* End PBXProject section */

/* Begin PBXResourcesBuildPhase section */
		1A63373E2036B1D300D21885 /* Resources */ = {
			isa = PBXResourcesBuildPhase;
			buildActionMask = 2147483647;
			files = (
				1A63374E2036B1D300D21885 /* LaunchScreen.storyboard in Resources */,
				1ABFCE5620370AD20033821E /* Assets.xcassets in Resources */,
				1A6337492036B1D300D21885 /* Main.storyboard in Resources */,
			);
			runOnlyForDeploymentPostprocessing = 0;
		};
/* End PBXResourcesBuildPhase section */

/* Begin PBXSourcesBuildPhase section */
		1A63373C2036B1D300D21885 /* Sources */ = {
			isa = PBXSourcesBuildPhase;
			buildActionMask = 2147483647;
			files = (
				1ABFCE522036FA990033821E /* UIImageView+Extension.swift in Sources */,
				1ABFCE4C2036E5510033821E /* UIViewController+Extension.swift in Sources */,
				1A63375D2036B98F00D21885 /* NetworkManager.swift in Sources */,
				1ABFCE422036CE230033821E /* DayView.swift in Sources */,
				1ABFCE492036DC930033821E /* WeatherItem.swift in Sources */,
				1ABFCE542036FADC0033821E /* Double+Extension.swift in Sources */,
				1ABFCE442036CEA10033821E /* WeatherCell.swift in Sources */,
				1ABFCE502036FA660033821E /* Enum.swift in Sources */,
				1A6337462036B1D300D21885 /* HomeViewController.swift in Sources */,
				1A6337442036B1D300D21885 /* AppDelegate.swift in Sources */,
				1ABFCE472036DBFF0033821E /* WeatherApiServices.swift in Sources */,
			);
			runOnlyForDeploymentPostprocessing = 0;
		};
/* End PBXSourcesBuildPhase section */

/* Begin PBXVariantGroup section */
		1A6337472036B1D300D21885 /* Main.storyboard */ = {
			isa = PBXVariantGroup;
			children = (
				1A6337482036B1D300D21885 /* Base */,
			);
			name = Main.storyboard;
			sourceTree = "<group>";
		};
		1A63374C2036B1D300D21885 /* LaunchScreen.storyboard */ = {
			isa = PBXVariantGroup;
			children = (
				1A63374D2036B1D300D21885 /* Base */,
			);
			name = LaunchScreen.storyboard;
			sourceTree = "<group>";
		};
/* End PBXVariantGroup section */

/* Begin XCBuildConfiguration section */
		1A6337502036B1D300D21885 /* Debug */ = {
			isa = XCBuildConfiguration;
			buildSettings = {
				ALWAYS_SEARCH_USER_PATHS = NO;
				CLANG_ANALYZER_NONNULL = YES;
				CLANG_ANALYZER_NUMBER_OBJECT_CONVERSION = YES_AGGRESSIVE;
				CLANG_CXX_LANGUAGE_STANDARD = "gnu++14";
				CLANG_CXX_LIBRARY = "libc++";
				CLANG_ENABLE_MODULES = YES;
				CLANG_ENABLE_OBJC_ARC = YES;
				CLANG_WARN_BLOCK_CAPTURE_AUTORELEASING = YES;
				CLANG_WARN_BOOL_CONVERSION = YES;
				CLANG_WARN_COMMA = YES;
				CLANG_WARN_CONSTANT_CONVERSION = YES;
				CLANG_WARN_DIRECT_OBJC_ISA_USAGE = YES_ERROR;
				CLANG_WARN_DOCUMENTATION_COMMENTS = YES;
				CLANG_WARN_EMPTY_BODY = YES;
				CLANG_WARN_ENUM_CONVERSION = YES;
				CLANG_WARN_INFINITE_RECURSION = YES;
				CLANG_WARN_INT_CONVERSION = YES;
				CLANG_WARN_NON_LITERAL_NULL_CONVERSION = YES;
				CLANG_WARN_OBJC_LITERAL_CONVERSION = YES;
				CLANG_WARN_OBJC_ROOT_CLASS = YES_ERROR;
				CLANG_WARN_RANGE_LOOP_ANALYSIS = YES;
				CLANG_WARN_STRICT_PROTOTYPES = YES;
				CLANG_WARN_SUSPICIOUS_MOVE = YES;
				CLANG_WARN_UNGUARDED_AVAILABILITY = YES_AGGRESSIVE;
				CLANG_WARN_UNREACHABLE_CODE = YES;
				CLANG_WARN__DUPLICATE_METHOD_MATCH = YES;
				CODE_SIGN_IDENTITY = "iPhone Developer";
				COPY_PHASE_STRIP = NO;
				DEBUG_INFORMATION_FORMAT = dwarf;
				ENABLE_STRICT_OBJC_MSGSEND = YES;
				ENABLE_TESTABILITY = YES;
				GCC_C_LANGUAGE_STANDARD = gnu11;
				GCC_DYNAMIC_NO_PIC = NO;
				GCC_NO_COMMON_BLOCKS = YES;
				GCC_OPTIMIZATION_LEVEL = 0;
				GCC_PREPROCESSOR_DEFINITIONS = (
					"DEBUG=1",
					"$(inherited)",
				);
				GCC_WARN_64_TO_32_BIT_CONVERSION = YES;
				GCC_WARN_ABOUT_RETURN_TYPE = YES_ERROR;
				GCC_WARN_UNDECLARED_SELECTOR = YES;
				GCC_WARN_UNINITIALIZED_AUTOS = YES_AGGRESSIVE;
				GCC_WARN_UNUSED_FUNCTION = YES;
				GCC_WARN_UNUSED_VARIABLE = YES;
				IPHONEOS_DEPLOYMENT_TARGET = 11.2;
				MTL_ENABLE_DEBUG_INFO = YES;
				ONLY_ACTIVE_ARCH = YES;
				SDKROOT = iphoneos;
				SWIFT_ACTIVE_COMPILATION_CONDITIONS = DEBUG;
				SWIFT_OPTIMIZATION_LEVEL = "-Onone";
			};
			name = Debug;
		};
		1A6337512036B1D300D21885 /* Release */ = {
			isa = XCBuildConfiguration;
			buildSettings = {
				ALWAYS_SEARCH_USER_PATHS = NO;
				CLANG_ANALYZER_NONNULL = YES;
				CLANG_ANALYZER_NUMBER_OBJECT_CONVERSION = YES_AGGRESSIVE;
				CLANG_CXX_LANGUAGE_STANDARD = "gnu++14";
				CLANG_CXX_LIBRARY = "libc++";
				CLANG_ENABLE_MODULES = YES;
				CLANG_ENABLE_OBJC_ARC = YES;
				CLANG_WARN_BLOCK_CAPTURE_AUTORELEASING = YES;
				CLANG_WARN_BOOL_CONVERSION = YES;
				CLANG_WARN_COMMA = YES;
				CLANG_WARN_CONSTANT_CONVERSION = YES;
				CLANG_WARN_DIRECT_OBJC_ISA_USAGE = YES_ERROR;
				CLANG_WARN_DOCUMENTATION_COMMENTS = YES;
				CLANG_WARN_EMPTY_BODY = YES;
				CLANG_WARN_ENUM_CONVERSION = YES;
				CLANG_WARN_INFINITE_RECURSION = YES;
				CLANG_WARN_INT_CONVERSION = YES;
				CLANG_WARN_NON_LITERAL_NULL_CONVERSION = YES;
				CLANG_WARN_OBJC_LITERAL_CONVERSION = YES;
				CLANG_WARN_OBJC_ROOT_CLASS = YES_ERROR;
				CLANG_WARN_RANGE_LOOP_ANALYSIS = YES;
				CLANG_WARN_STRICT_PROTOTYPES = YES;
				CLANG_WARN_SUSPICIOUS_MOVE = YES;
				CLANG_WARN_UNGUARDED_AVAILABILITY = YES_AGGRESSIVE;
				CLANG_WARN_UNREACHABLE_CODE = YES;
				CLANG_WARN__DUPLICATE_METHOD_MATCH = YES;
				CODE_SIGN_IDENTITY = "iPhone Developer";
				COPY_PHASE_STRIP = NO;
				DEBUG_INFORMATION_FORMAT = "dwarf-with-dsym";
				ENABLE_NS_ASSERTIONS = NO;
				ENABLE_STRICT_OBJC_MSGSEND = YES;
				GCC_C_LANGUAGE_STANDARD = gnu11;
				GCC_NO_COMMON_BLOCKS = YES;
				GCC_WARN_64_TO_32_BIT_CONVERSION = YES;
				GCC_WARN_ABOUT_RETURN_TYPE = YES_ERROR;
				GCC_WARN_UNDECLARED_SELECTOR = YES;
				GCC_WARN_UNINITIALIZED_AUTOS = YES_AGGRESSIVE;
				GCC_WARN_UNUSED_FUNCTION = YES;
				GCC_WARN_UNUSED_VARIABLE = YES;
				IPHONEOS_DEPLOYMENT_TARGET = 11.2;
				MTL_ENABLE_DEBUG_INFO = NO;
				SDKROOT = iphoneos;
				SWIFT_OPTIMIZATION_LEVEL = "-Owholemodule";
				VALIDATE_PRODUCT = YES;
			};
			name = Release;
		};
		1A6337532036B1D300D21885 /* Debug */ = {
			isa = XCBuildConfiguration;
			buildSettings = {
				ASSETCATALOG_COMPILER_APPICON_NAME = AppIcon;
				CODE_SIGN_STYLE = Manual;
				DEVELOPMENT_TEAM = C64GAK5X6W;
				INFOPLIST_FILE = "$(SRCROOT)/WeatherAppMVC/Application/Info.plist";
				LD_RUNPATH_SEARCH_PATHS = "$(inherited) @executable_path/Frameworks";
				PRODUCT_BUNDLE_IDENTIFIER = com.credencys.WeatherAppMVVM;
				PRODUCT_NAME = "$(TARGET_NAME)";
				PROVISIONING_PROFILE = "7d8b2a7f-7254-495f-9900-eaf87988fc95";
				PROVISIONING_PROFILE_SPECIFIER = "Star Provisioning profile";
				SWIFT_VERSION = 4.0;
				TARGETED_DEVICE_FAMILY = "1,2";
			};
			name = Debug;
		};
		1A6337542036B1D300D21885 /* Release */ = {
			isa = XCBuildConfiguration;
			buildSettings = {
				ASSETCATALOG_COMPILER_APPICON_NAME = AppIcon;
				CODE_SIGN_STYLE = Manual;
				DEVELOPMENT_TEAM = C64GAK5X6W;
				INFOPLIST_FILE = "$(SRCROOT)/WeatherAppMVC/Application/Info.plist";
				LD_RUNPATH_SEARCH_PATHS = "$(inherited) @executable_path/Frameworks";
				PRODUCT_BUNDLE_IDENTIFIER = com.credencys.WeatherAppMVVM;
				PRODUCT_NAME = "$(TARGET_NAME)";
				PROVISIONING_PROFILE = "7d8b2a7f-7254-495f-9900-eaf87988fc95";
				PROVISIONING_PROFILE_SPECIFIER = "Star Provisioning profile";
				SWIFT_VERSION = 4.0;
				TARGETED_DEVICE_FAMILY = "1,2";
			};
			name = Release;
		};
/* End XCBuildConfiguration section */

/* Begin XCConfigurationList section */
		1A63373B2036B1D300D21885 /* Build configuration list for PBXProject "WeatherAppMVVM" */ = {
			isa = XCConfigurationList;
			buildConfigurations = (
				1A6337502036B1D300D21885 /* Debug */,
				1A6337512036B1D300D21885 /* Release */,
			);
			defaultConfigurationIsVisible = 0;
			defaultConfigurationName = Release;
		};
		1A6337522036B1D300D21885 /* Build configuration list for PBXNativeTarget "WeatherAppMVVM" */ = {
			isa = XCConfigurationList;
			buildConfigurations = (
				1A6337532036B1D300D21885 /* Debug */,
				1A6337542036B1D300D21885 /* Release */,
			);
			defaultConfigurationIsVisible = 0;
			defaultConfigurationName = Release;
		};
/* End XCConfigurationList section */
	};
	rootObject = 1A6337382036B1D300D21885 /* Project object */;
}
